github.com/chzyer/readline v0.0.0-20180603132655-2972be24d48e h1:fY5BOSpyZCqRo5OhCuC+XN+r/bBCmeuuJtjz+bCNIf8=
github.com/chzyer/readline v0.0.0-20180603132655-2972be24d48e/go.mod h1:nSuG5e5PlCu98SY8svDHJxuZscDgtXS6KTTbou5AhLI=
github.com/veandco/go-sdl2 v0.4.10 h1:8QoD2bhWl7SbQDflIAUYWfl9Vq+mT8/boJFAUzAScgY=
github.com/veandco/go-sdl2 v0.4.10/go.mod h1:OROqMhHD43nT4/i9crJukyVecjPNYYuCofep6SNiAjY=
golang.org/x/sys v0.0.0-20211102192858-4dd72447c267 h1:7zYaz3tjChtpayGDzu6H0hDAUM5zIGA2XW7kRNgQ0jc=
golang.org/x/sys v0.0.0-20211102192858-4dd72447c267/go.mod h1:oPkhp1MJrh7nUepCBck5+mAzfO9JrbApNNgaTdGDITg=
